// !$*UTF8*$!
{
	archiveVersion = 1;
	classes = {
	};
	objectVersion = 50;
	objects = {

/* Begin PBXBuildFile section */
		A081E35A20F2269200C4A8F7 /* AppDelegate.swift in Sources */ = {isa = PBXBuildFile; fileRef = A081E35920F2269200C4A8F7 /* AppDelegate.swift */; };
		A081E35C20F2269200C4A8F7 /* ListaChavesViewController.swift in Sources */ = {isa = PBXBuildFile; fileRef = A081E35B20F2269200C4A8F7 /* ListaChavesViewController.swift */; };
		A081E35F20F2269200C4A8F7 /* Main.storyboard in Resources */ = {isa = PBXBuildFile; fileRef = A081E35D20F2269200C4A8F7 /* Main.storyboard */; };
		A081E36120F2269400C4A8F7 /* Assets.xcassets in Resources */ = {isa = PBXBuildFile; fileRef = A081E36020F2269400C4A8F7 /* Assets.xcassets */; };
		A081E36420F2269400C4A8F7 /* LaunchScreen.storyboard in Resources */ = {isa = PBXBuildFile; fileRef = A081E36220F2269400C4A8F7 /* LaunchScreen.storyboard */; };
		A081E36F20F2269400C4A8F7 /* EverPassTests.swift in Sources */ = {isa = PBXBuildFile; fileRef = A081E36E20F2269400C4A8F7 /* EverPassTests.swift */; };
		A081E37A20F2269400C4A8F7 /* EverPassUITests.swift in Sources */ = {isa = PBXBuildFile; fileRef = A081E37920F2269400C4A8F7 /* EverPassUITests.swift */; };
		A081E38C20F2B2BC00C4A8F7 /* LoginViewController.swift in Sources */ = {isa = PBXBuildFile; fileRef = A081E38B20F2B2BC00C4A8F7 /* LoginViewController.swift */; };
		A081E38E20F2B57F00C4A8F7 /* FuncoesPublicas.swift in Sources */ = {isa = PBXBuildFile; fileRef = A081E38D20F2B57F00C4A8F7 /* FuncoesPublicas.swift */; };
		A081E39020F2FACE00C4A8F7 /* Enum.swift in Sources */ = {isa = PBXBuildFile; fileRef = A081E38F20F2FACE00C4A8F7 /* Enum.swift */; };
		A081E39220F356B600C4A8F7 /* User.swift in Sources */ = {isa = PBXBuildFile; fileRef = A081E39120F356B600C4A8F7 /* User.swift */; };
		A081E39420F358EB00C4A8F7 /* UserStore.swift in Sources */ = {isa = PBXBuildFile; fileRef = A081E39320F358EB00C4A8F7 /* UserStore.swift */; };
		A098F32D20F6244200390523 /* AddChaveViewController.swift in Sources */ = {isa = PBXBuildFile; fileRef = A098F32C20F6244200390523 /* AddChaveViewController.swift */; };
		A098F33020F6C38200390523 /* Key.swift in Sources */ = {isa = PBXBuildFile; fileRef = A098F32F20F6C38200390523 /* Key.swift */; };
		A098F33220F70FBB00390523 /* KeyStore.swift in Sources */ = {isa = PBXBuildFile; fileRef = A098F33120F70FBB00390523 /* KeyStore.swift */; };
		A098F33420F7239700390523 /* ChaveCollectionViewCell.swift in Sources */ = {isa = PBXBuildFile; fileRef = A098F33320F7239700390523 /* ChaveCollectionViewCell.swift */; };
		A098F33620F7532600390523 /* DetalhesViewController.swift in Sources */ = {isa = PBXBuildFile; fileRef = A098F33520F7532600390523 /* DetalhesViewController.swift */; };
/* End PBXBuildFile section */

/* Begin PBXContainerItemProxy section */
		A081E36B20F2269400C4A8F7 /* PBXContainerItemProxy */ = {
			isa = PBXContainerItemProxy;
			containerPortal = A081E34E20F2269200C4A8F7 /* Project object */;
			proxyType = 1;
			remoteGlobalIDString = A081E35520F2269200C4A8F7;
			remoteInfo = EverPass;
		};
		A081E37620F2269400C4A8F7 /* PBXContainerItemProxy */ = {
			isa = PBXContainerItemProxy;
			containerPortal = A081E34E20F2269200C4A8F7 /* Project object */;
			proxyType = 1;
			remoteGlobalIDString = A081E35520F2269200C4A8F7;
			remoteInfo = EverPass;
		};
/* End PBXContainerItemProxy section */

/* Begin PBXFileReference section */
		A081E35620F2269200C4A8F7 /* EverPass.app */ = {isa = PBXFileReference; explicitFileType = wrapper.application; includeInIndex = 0; path = EverPass.app; sourceTree = BUILT_PRODUCTS_DIR; };
		A081E35920F2269200C4A8F7 /* AppDelegate.swift */ = {isa = PBXFileReference; lastKnownFileType = sourcecode.swift; path = AppDelegate.swift; sourceTree = "<group>"; };
		A081E35B20F2269200C4A8F7 /* ListaChavesViewController.swift */ = {isa = PBXFileReference; lastKnownFileType = sourcecode.swift; path = ListaChavesViewController.swift; sourceTree = "<group>"; };
		A081E35E20F2269200C4A8F7 /* Base */ = {isa = PBXFileReference; lastKnownFileType = file.storyboard; name = Base; path = Base.lproj/Main.storyboard; sourceTree = "<group>"; };
		A081E36020F2269400C4A8F7 /* Assets.xcassets */ = {isa = PBXFileReference; lastKnownFileType = folder.assetcatalog; path = Assets.xcassets; sourceTree = "<group>"; };
		A081E36320F2269400C4A8F7 /* Base */ = {isa = PBXFileReference; lastKnownFileType = file.storyboard; name = Base; path = Base.lproj/LaunchScreen.storyboard; sourceTree = "<group>"; };
		A081E36520F2269400C4A8F7 /* Info.plist */ = {isa = PBXFileReference; lastKnownFileType = text.plist.xml; path = Info.plist; sourceTree = "<group>"; };
		A081E36A20F2269400C4A8F7 /* EverPassTests.xctest */ = {isa = PBXFileReference; explicitFileType = wrapper.cfbundle; includeInIndex = 0; path = EverPassTests.xctest; sourceTree = BUILT_PRODUCTS_DIR; };
		A081E36E20F2269400C4A8F7 /* EverPassTests.swift */ = {isa = PBXFileReference; lastKnownFileType = sourcecode.swift; path = EverPassTests.swift; sourceTree = "<group>"; };
		A081E37020F2269400C4A8F7 /* Info.plist */ = {isa = PBXFileReference; lastKnownFileType = text.plist.xml; path = Info.plist; sourceTree = "<group>"; };
		A081E37520F2269400C4A8F7 /* EverPassUITests.xctest */ = {isa = PBXFileReference; explicitFileType = wrapper.cfbundle; includeInIndex = 0; path = EverPassUITests.xctest; sourceTree = BUILT_PRODUCTS_DIR; };
		A081E37920F2269400C4A8F7 /* EverPassUITests.swift */ = {isa = PBXFileReference; lastKnownFileType = sourcecode.swift; path = EverPassUITests.swift; sourceTree = "<group>"; };
		A081E37B20F2269400C4A8F7 /* Info.plist */ = {isa = PBXFileReference; lastKnownFileType = text.plist.xml; path = Info.plist; sourceTree = "<group>"; };
		A081E38B20F2B2BC00C4A8F7 /* LoginViewController.swift */ = {isa = PBXFileReference; lastKnownFileType = sourcecode.swift; path = LoginViewController.swift; sourceTree = "<group>"; };
		A081E38D20F2B57F00C4A8F7 /* FuncoesPublicas.swift */ = {isa = PBXFileReference; fileEncoding = 4; lastKnownFileType = sourcecode.swift; path = FuncoesPublicas.swift; sourceTree = "<group>"; };
		A081E38F20F2FACE00C4A8F7 /* Enum.swift */ = {isa = PBXFileReference; lastKnownFileType = sourcecode.swift; path = Enum.swift; sourceTree = "<group>"; };
		A081E39120F356B600C4A8F7 /* User.swift */ = {isa = PBXFileReference; lastKnownFileType = sourcecode.swift; path = User.swift; sourceTree = "<group>"; };
		A081E39320F358EB00C4A8F7 /* UserStore.swift */ = {isa = PBXFileReference; lastKnownFileType = sourcecode.swift; path = UserStore.swift; sourceTree = "<group>"; };
		A098F32C20F6244200390523 /* AddChaveViewController.swift */ = {isa = PBXFileReference; lastKnownFileType = sourcecode.swift; path = AddChaveViewController.swift; sourceTree = "<group>"; };
		A098F32E20F635B800390523 /* EverPass.entitlements */ = {isa = PBXFileReference; lastKnownFileType = text.plist.entitlements; path = EverPass.entitlements; sourceTree = "<group>"; };
		A098F32F20F6C38200390523 /* Key.swift */ = {isa = PBXFileReference; lastKnownFileType = sourcecode.swift; path = Key.swift; sourceTree = "<group>"; };
		A098F33120F70FBB00390523 /* KeyStore.swift */ = {isa = PBXFileReference; lastKnownFileType = sourcecode.swift; path = KeyStore.swift; sourceTree = "<group>"; };
		A098F33320F7239700390523 /* ChaveCollectionViewCell.swift */ = {isa = PBXFileReference; lastKnownFileType = sourcecode.swift; path = ChaveCollectionViewCell.swift; sourceTree = "<group>"; };
		A098F33520F7532600390523 /* DetalhesViewController.swift */ = {isa = PBXFileReference; lastKnownFileType = sourcecode.swift; path = DetalhesViewController.swift; sourceTree = "<group>"; };
/* End PBXFileReference section */

/* Begin PBXFrameworksBuildPhase section */
		A081E35320F2269200C4A8F7 /* Frameworks */ = {
			isa = PBXFrameworksBuildPhase;
			buildActionMask = 2147483647;
			files = (
			);
			runOnlyForDeploymentPostprocessing = 0;
		};
		A081E36720F2269400C4A8F7 /* Frameworks */ = {
			isa = PBXFrameworksBuildPhase;
			buildActionMask = 2147483647;
			files = (
			);
			runOnlyForDeploymentPostprocessing = 0;
		};
		A081E37220F2269400C4A8F7 /* Frameworks */ = {
			isa = PBXFrameworksBuildPhase;
			buildActionMask = 2147483647;
			files = (
			);
			runOnlyForDeploymentPostprocessing = 0;
		};
/* End PBXFrameworksBuildPhase section */

/* Begin PBXGroup section */
		A081E34D20F2269200C4A8F7 = {
			isa = PBXGroup;
			children = (
				A081E35820F2269200C4A8F7 /* EverPass */,
				A081E36D20F2269400C4A8F7 /* EverPassTests */,
				A081E37820F2269400C4A8F7 /* EverPassUITests */,
				A081E35720F2269200C4A8F7 /* Products */,
			);
			sourceTree = "<group>";
		};
		A081E35720F2269200C4A8F7 /* Products */ = {
			isa = PBXGroup;
			children = (
				A081E35620F2269200C4A8F7 /* EverPass.app */,
				A081E36A20F2269400C4A8F7 /* EverPassTests.xctest */,
				A081E37520F2269400C4A8F7 /* EverPassUITests.xctest */,
			);
			name = Products;
			sourceTree = "<group>";
		};
		A081E35820F2269200C4A8F7 /* EverPass */ = {
			isa = PBXGroup;
			children = (
				A098F32E20F635B800390523 /* EverPass.entitlements */,
				A081E35920F2269200C4A8F7 /* AppDelegate.swift */,
				A081E38F20F2FACE00C4A8F7 /* Enum.swift */,
				A081E38D20F2B57F00C4A8F7 /* FuncoesPublicas.swift */,
				A081E38920F2279A00C4A8F7 /* Model */,
				A081E38820F2277B00C4A8F7 /* View */,
				A081E38720F2276300C4A8F7 /* Controller */,
				A081E38A20F227BD00C4A8F7 /* Suport */,
			);
			path = EverPass;
			sourceTree = "<group>";
		};
		A081E36D20F2269400C4A8F7 /* EverPassTests */ = {
			isa = PBXGroup;
			children = (
				A081E36E20F2269400C4A8F7 /* EverPassTests.swift */,
				A081E37020F2269400C4A8F7 /* Info.plist */,
			);
			path = EverPassTests;
			sourceTree = "<group>";
		};
		A081E37820F2269400C4A8F7 /* EverPassUITests */ = {
			isa = PBXGroup;
			children = (
				A081E37920F2269400C4A8F7 /* EverPassUITests.swift */,
				A081E37B20F2269400C4A8F7 /* Info.plist */,
			);
			path = EverPassUITests;
			sourceTree = "<group>";
		};
		A081E38720F2276300C4A8F7 /* Controller */ = {
			isa = PBXGroup;
			children = (
				A098F32C20F6244200390523 /* AddChaveViewController.swift */,
				A098F33520F7532600390523 /* DetalhesViewController.swift */,
				A081E35B20F2269200C4A8F7 /* ListaChavesViewController.swift */,
				A081E38B20F2B2BC00C4A8F7 /* LoginViewController.swift */,
			);
			path = Controller;
			sourceTree = "<group>";
		};
		A081E38820F2277B00C4A8F7 /* View */ = {
			isa = PBXGroup;
			children = (
				A081E35D20F2269200C4A8F7 /* Main.storyboard */,
				A081E36220F2269400C4A8F7 /* LaunchScreen.storyboard */,
				A098F33320F7239700390523 /* ChaveCollectionViewCell.swift */,
			);
			path = View;
			sourceTree = "<group>";
		};
		A081E38920F2279A00C4A8F7 /* Model */ = {
			isa = PBXGroup;
			children = (
				A098F32F20F6C38200390523 /* Key.swift */,
				A098F33120F70FBB00390523 /* KeyStore.swift */,
				A081E39120F356B600C4A8F7 /* User.swift */,
				A081E39320F358EB00C4A8F7 /* UserStore.swift */,
			);
			path = Model;
			sourceTree = "<group>";
		};
		A081E38A20F227BD00C4A8F7 /* Suport */ = {
			isa = PBXGroup;
			children = (
				A081E36020F2269400C4A8F7 /* Assets.xcassets */,
				A081E36520F2269400C4A8F7 /* Info.plist */,
			);
			path = Suport;
			sourceTree = "<group>";
		};
/* End PBXGroup section */

/* Begin PBXNativeTarget section */
		A081E35520F2269200C4A8F7 /* EverPass */ = {
			isa = PBXNativeTarget;
			buildConfigurationList = A081E37E20F2269400C4A8F7 /* Build configuration list for PBXNativeTarget "EverPass" */;
			buildPhases = (
				A081E35220F2269200C4A8F7 /* Sources */,
				A081E35320F2269200C4A8F7 /* Frameworks */,
				A081E35420F2269200C4A8F7 /* Resources */,
			);
			buildRules = (
			);
			dependencies = (
			);
			name = EverPass;
			productName = EverPass;
			productReference = A081E35620F2269200C4A8F7 /* EverPass.app */;
			productType = "com.apple.product-type.application";
		};
		A081E36920F2269400C4A8F7 /* EverPassTests */ = {
			isa = PBXNativeTarget;
			buildConfigurationList = A081E38120F2269400C4A8F7 /* Build configuration list for PBXNativeTarget "EverPassTests" */;
			buildPhases = (
				A081E36620F2269400C4A8F7 /* Sources */,
				A081E36720F2269400C4A8F7 /* Frameworks */,
				A081E36820F2269400C4A8F7 /* Resources */,
			);
			buildRules = (
			);
			dependencies = (
				A081E36C20F2269400C4A8F7 /* PBXTargetDependency */,
			);
			name = EverPassTests;
			productName = EverPassTests;
			productReference = A081E36A20F2269400C4A8F7 /* EverPassTests.xctest */;
			productType = "com.apple.product-type.bundle.unit-test";
		};
		A081E37420F2269400C4A8F7 /* EverPassUITests */ = {
			isa = PBXNativeTarget;
			buildConfigurationList = A081E38420F2269400C4A8F7 /* Build configuration list for PBXNativeTarget "EverPassUITests" */;
			buildPhases = (
				A081E37120F2269400C4A8F7 /* Sources */,
				A081E37220F2269400C4A8F7 /* Frameworks */,
				A081E37320F2269400C4A8F7 /* Resources */,
			);
			buildRules = (
			);
			dependencies = (
				A081E37720F2269400C4A8F7 /* PBXTargetDependency */,
			);
			name = EverPassUITests;
			productName = EverPassUITests;
			productReference = A081E37520F2269400C4A8F7 /* EverPassUITests.xctest */;
			productType = "com.apple.product-type.bundle.ui-testing";
		};
/* End PBXNativeTarget section */

/* Begin PBXProject section */
		A081E34E20F2269200C4A8F7 /* Project object */ = {
			isa = PBXProject;
			attributes = {
				LastSwiftUpdateCheck = 0940;
				LastUpgradeCheck = 0940;
				ORGANIZATIONNAME = "Anderson Oliveira";
				TargetAttributes = {
					A081E35520F2269200C4A8F7 = {
						CreatedOnToolsVersion = 9.4.1;
						SystemCapabilities = {
							com.apple.Keychain = {
								enabled = 0;
							};
						};
					};
					A081E36920F2269400C4A8F7 = {
						CreatedOnToolsVersion = 9.4.1;
						TestTargetID = A081E35520F2269200C4A8F7;
					};
					A081E37420F2269400C4A8F7 = {
						CreatedOnToolsVersion = 9.4.1;
						TestTargetID = A081E35520F2269200C4A8F7;
					};
				};
			};
			buildConfigurationList = A081E35120F2269200C4A8F7 /* Build configuration list for PBXProject "EverPass" */;
			compatibilityVersion = "Xcode 9.3";
			developmentRegion = en;
			hasScannedForEncodings = 0;
			knownRegions = (
				en,
				Base,
			);
			mainGroup = A081E34D20F2269200C4A8F7;
			productRefGroup = A081E35720F2269200C4A8F7 /* Products */;
			projectDirPath = "";
			projectRoot = "";
			targets = (
				A081E35520F2269200C4A8F7 /* EverPass */,
				A081E36920F2269400C4A8F7 /* EverPassTests */,
				A081E37420F2269400C4A8F7 /* EverPassUITests */,
			);
		};
/* End PBXProject section */

/* Begin PBXResourcesBuildPhase section */
		A081E35420F2269200C4A8F7 /* Resources */ = {
			isa = PBXResourcesBuildPhase;
			buildActionMask = 2147483647;
			files = (
				A081E36420F2269400C4A8F7 /* LaunchScreen.storyboard in Resources */,
				A081E36120F2269400C4A8F7 /* Assets.xcassets in Resources */,
				A081E35F20F2269200C4A8F7 /* Main.storyboard in Resources */,
			);
			runOnlyForDeploymentPostprocessing = 0;
		};
		A081E36820F2269400C4A8F7 /* Resources */ = {
			isa = PBXResourcesBuildPhase;
			buildActionMask = 2147483647;
			files = (
			);
			runOnlyForDeploymentPostprocessing = 0;
		};
		A081E37320F2269400C4A8F7 /* Resources */ = {
			isa = PBXResourcesBuildPhase;
			buildActionMask = 2147483647;
			files = (
			);
			runOnlyForDeploymentPostprocessing = 0;
		};
/* End PBXResourcesBuildPhase section */

/* Begin PBXSourcesBuildPhase section */
		A081E35220F2269200C4A8F7 /* Sources */ = {
			isa = PBXSourcesBuildPhase;
			buildActionMask = 2147483647;
			files = (
				A081E38C20F2B2BC00C4A8F7 /* LoginViewController.swift in Sources */,
				A081E39420F358EB00C4A8F7 /* UserStore.swift in Sources */,
				A081E35C20F2269200C4A8F7 /* ListaChavesViewController.swift in Sources */,
				A098F33420F7239700390523 /* ChaveCollectionViewCell.swift in Sources */,
				A081E39220F356B600C4A8F7 /* User.swift in Sources */,
				A081E38E20F2B57F00C4A8F7 /* FuncoesPublicas.swift in Sources */,
				A098F33020F6C38200390523 /* Key.swift in Sources */,
				A081E39020F2FACE00C4A8F7 /* Enum.swift in Sources */,
				A098F33620F7532600390523 /* DetalhesViewController.swift in Sources */,
				A098F32D20F6244200390523 /* AddChaveViewController.swift in Sources */,
				A081E35A20F2269200C4A8F7 /* AppDelegate.swift in Sources */,
				A098F33220F70FBB00390523 /* KeyStore.swift in Sources */,
			);
			runOnlyForDeploymentPostprocessing = 0;
		};
		A081E36620F2269400C4A8F7 /* Sources */ = {
			isa = PBXSourcesBuildPhase;
			buildActionMask = 2147483647;
			files = (
				A081E36F20F2269400C4A8F7 /* EverPassTests.swift in Sources */,
			);
			runOnlyForDeploymentPostprocessing = 0;
		};
		A081E37120F2269400C4A8F7 /* Sources */ = {
			isa = PBXSourcesBuildPhase;
			buildActionMask = 2147483647;
			files = (
				A081E37A20F2269400C4A8F7 /* EverPassUITests.swift in Sources */,
			);
			runOnlyForDeploymentPostprocessing = 0;
		};
/* End PBXSourcesBuildPhase section */

/* Begin PBXTargetDependency section */
		A081E36C20F2269400C4A8F7 /* PBXTargetDependency */ = {
			isa = PBXTargetDependency;
			target = A081E35520F2269200C4A8F7 /* EverPass */;
			targetProxy = A081E36B20F2269400C4A8F7 /* PBXContainerItemProxy */;
		};
		A081E37720F2269400C4A8F7 /* PBXTargetDependency */ = {
			isa = PBXTargetDependency;
			target = A081E35520F2269200C4A8F7 /* EverPass */;
			targetProxy = A081E37620F2269400C4A8F7 /* PBXContainerItemProxy */;
		};
/* End PBXTargetDependency section */

/* Begin PBXVariantGroup section */
		A081E35D20F2269200C4A8F7 /* Main.storyboard */ = {
			isa = PBXVariantGroup;
			children = (
				A081E35E20F2269200C4A8F7 /* Base */,
			);
			name = Main.storyboard;
			sourceTree = "<group>";
		};
		A081E36220F2269400C4A8F7 /* LaunchScreen.storyboard */ = {
			isa = PBXVariantGroup;
			children = (
				A081E36320F2269400C4A8F7 /* Base */,
			);
			name = LaunchScreen.storyboard;
			sourceTree = "<group>";
		};
/* End PBXVariantGroup section */

/* Begin XCBuildConfiguration section */
		A081E37C20F2269400C4A8F7 /* Debug */ = {
			isa = XCBuildConfiguration;
			buildSettings = {
				ALWAYS_SEARCH_USER_PATHS = NO;
				CLANG_ANALYZER_NONNULL = YES;
				CLANG_ANALYZER_NUMBER_OBJECT_CONVERSION = YES_AGGRESSIVE;
				CLANG_CXX_LANGUAGE_STANDARD = "gnu++14";
				CLANG_CXX_LIBRARY = "libc++";
				CLANG_ENABLE_MODULES = YES;
				CLANG_ENABLE_OBJC_ARC = YES;
				CLANG_ENABLE_OBJC_WEAK = YES;
				CLANG_WARN_BLOCK_CAPTURE_AUTORELEASING = YES;
				CLANG_WARN_BOOL_CONVERSION = YES;
				CLANG_WARN_COMMA = YES;
				CLANG_WARN_CONSTANT_CONVERSION = YES;
				CLANG_WARN_DEPRECATED_OBJC_IMPLEMENTATIONS = YES;
				CLANG_WARN_DIRECT_OBJC_ISA_USAGE = YES_ERROR;
				CLANG_WARN_DOCUMENTATION_COMMENTS = YES;
				CLANG_WARN_EMPTY_BODY = YES;
				CLANG_WARN_ENUM_CONVERSION = YES;
				CLANG_WARN_INFINITE_RECURSION = YES;
				CLANG_WARN_INT_CONVERSION = YES;
				CLANG_WARN_NON_LITERAL_NULL_CONVERSION = YES;
				CLANG_WARN_OBJC_IMPLICIT_RETAIN_SELF = YES;
				CLANG_WARN_OBJC_LITERAL_CONVERSION = YES;
				CLANG_WARN_OBJC_ROOT_CLASS = YES_ERROR;
				CLANG_WARN_RANGE_LOOP_ANALYSIS = YES;
				CLANG_WARN_STRICT_PROTOTYPES = YES;
				CLANG_WARN_SUSPICIOUS_MOVE = YES;
				CLANG_WARN_UNGUARDED_AVAILABILITY = YES_AGGRESSIVE;
				CLANG_WARN_UNREACHABLE_CODE = YES;
				CLANG_WARN__DUPLICATE_METHOD_MATCH = YES;
				CODE_SIGN_IDENTITY = "iPhone Developer";
				COPY_PHASE_STRIP = NO;
				DEBUG_INFORMATION_FORMAT = dwarf;
				ENABLE_STRICT_OBJC_MSGSEND = YES;
				ENABLE_TESTABILITY = YES;
				GCC_C_LANGUAGE_STANDARD = gnu11;
				GCC_DYNAMIC_NO_PIC = NO;
				GCC_NO_COMMON_BLOCKS = YES;
				GCC_OPTIMIZATION_LEVEL = 0;
				GCC_PREPROCESSOR_DEFINITIONS = (
					"DEBUG=1",
					"$(inherited)",
				);
				GCC_WARN_64_TO_32_BIT_CONVERSION = YES;
				GCC_WARN_ABOUT_RETURN_TYPE = YES_ERROR;
				GCC_WARN_UNDECLARED_SELECTOR = YES;
				GCC_WARN_UNINITIALIZED_AUTOS = YES_AGGRESSIVE;
				GCC_WARN_UNUSED_FUNCTION = YES;
				GCC_WARN_UNUSED_VARIABLE = YES;
				IPHONEOS_DEPLOYMENT_TARGET = 11.4;
				MTL_ENABLE_DEBUG_INFO = YES;
				ONLY_ACTIVE_ARCH = YES;
				SDKROOT = iphoneos;
				SWIFT_ACTIVE_COMPILATION_CONDITIONS = DEBUG;
				SWIFT_OPTIMIZATION_LEVEL = "-Onone";
			};
			name = Debug;
		};
		A081E37D20F2269400C4A8F7 /* Release */ = {
			isa = XCBuildConfiguration;
			buildSettings = {
				ALWAYS_SEARCH_USER_PATHS = NO;
				CLANG_ANALYZER_NONNULL = YES;
				CLANG_ANALYZER_NUMBER_OBJECT_CONVERSION = YES_AGGRESSIVE;
				CLANG_CXX_LANGUAGE_STANDARD = "gnu++14";
				CLANG_CXX_LIBRARY = "libc++";
				CLANG_ENABLE_MODULES = YES;
				CLANG_ENABLE_OBJC_ARC = YES;
				CLANG_ENABLE_OBJC_WEAK = YES;
				CLANG_WARN_BLOCK_CAPTURE_AUTORELEASING = YES;
				CLANG_WARN_BOOL_CONVERSION = YES;
				CLANG_WARN_COMMA = YES;
				CLANG_WARN_CONSTANT_CONVERSION = YES;
				CLANG_WARN_DEPRECATED_OBJC_IMPLEMENTATIONS = YES;
				CLANG_WARN_DIRECT_OBJC_ISA_USAGE = YES_ERROR;
				CLANG_WARN_DOCUMENTATION_COMMENTS = YES;
				CLANG_WARN_EMPTY_BODY = YES;
				CLANG_WARN_ENUM_CONVERSION = YES;
				CLANG_WARN_INFINITE_RECURSION = YES;
				CLANG_WARN_INT_CONVERSION = YES;
				CLANG_WARN_NON_LITERAL_NULL_CONVERSION = YES;
				CLANG_WARN_OBJC_IMPLICIT_RETAIN_SELF = YES;
				CLANG_WARN_OBJC_LITERAL_CONVERSION = YES;
				CLANG_WARN_OBJC_ROOT_CLASS = YES_ERROR;
				CLANG_WARN_RANGE_LOOP_ANALYSIS = YES;
				CLANG_WARN_STRICT_PROTOTYPES = YES;
				CLANG_WARN_SUSPICIOUS_MOVE = YES;
				CLANG_WARN_UNGUARDED_AVAILABILITY = YES_AGGRESSIVE;
				CLANG_WARN_UNREACHABLE_CODE = YES;
				CLANG_WARN__DUPLICATE_METHOD_MATCH = YES;
				CODE_SIGN_IDENTITY = "iPhone Developer";
				COPY_PHASE_STRIP = NO;
				DEBUG_INFORMATION_FORMAT = "dwarf-with-dsym";
				ENABLE_NS_ASSERTIONS = NO;
				ENABLE_STRICT_OBJC_MSGSEND = YES;
				GCC_C_LANGUAGE_STANDARD = gnu11;
				GCC_NO_COMMON_BLOCKS = YES;
				GCC_WARN_64_TO_32_BIT_CONVERSION = YES;
				GCC_WARN_ABOUT_RETURN_TYPE = YES_ERROR;
				GCC_WARN_UNDECLARED_SELECTOR = YES;
				GCC_WARN_UNINITIALIZED_AUTOS = YES_AGGRESSIVE;
				GCC_WARN_UNUSED_FUNCTION = YES;
				GCC_WARN_UNUSED_VARIABLE = YES;
				IPHONEOS_DEPLOYMENT_TARGET = 11.4;
				MTL_ENABLE_DEBUG_INFO = NO;
				SDKROOT = iphoneos;
				SWIFT_COMPILATION_MODE = wholemodule;
				SWIFT_OPTIMIZATION_LEVEL = "-O";
				VALIDATE_PRODUCT = YES;
			};
			name = Release;
		};
		A081E37F20F2269400C4A8F7 /* Debug */ = {
			isa = XCBuildConfiguration;
			buildSettings = {
				ASSETCATALOG_COMPILER_APPICON_NAME = AppIcon;
				CODE_SIGN_STYLE = Automatic;
				DEVELOPMENT_TEAM = 3KXGKNH9KW;
				INFOPLIST_FILE = "$(SRCROOT)/EverPass/Suport/Info.plist";
				LD_RUNPATH_SEARCH_PATHS = (
					"$(inherited)",
					"@executable_path/Frameworks",
				);
				PRODUCT_BUNDLE_IDENTIFIER = com.andersonoliveira.everpass;
				PRODUCT_NAME = "$(TARGET_NAME)";
				SWIFT_VERSION = 4.0;
				TARGETED_DEVICE_FAMILY = "1,2";
			};
			name = Debug;
		};
		A081E38020F2269400C4A8F7 /* Release */ = {
			isa = XCBuildConfiguration;
			buildSettings = {
				ASSETCATALOG_COMPILER_APPICON_NAME = AppIcon;
				CODE_SIGN_STYLE = Automatic;
				DEVELOPMENT_TEAM = 3KXGKNH9KW;
				INFOPLIST_FILE = "$(SRCROOT)/EverPass/Suport/Info.plist";
				LD_RUNPATH_SEARCH_PATHS = (
					"$(inherited)",
					"@executable_path/Frameworks",
				);
				PRODUCT_BUNDLE_IDENTIFIER = com.andersonoliveira.everpass;
				PRODUCT_NAME = "$(TARGET_NAME)";
				SWIFT_VERSION = 4.0;
				TARGETED_DEVICE_FAMILY = "1,2";
			};
			name = Release;
		};
		A081E38220F2269400C4A8F7 /* Debug */ = {
			isa = XCBuildConfiguration;
			buildSettings = {
				ALWAYS_EMBED_SWIFT_STANDARD_LIBRARIES = YES;
				BUNDLE_LOADER = "$(TEST_HOST)";
				CODE_SIGN_STYLE = Automatic;
				DEVELOPMENT_TEAM = 3KXGKNH9KW;
				INFOPLIST_FILE = EverPassTests/Info.plist;
				LD_RUNPATH_SEARCH_PATHS = (
					"$(inherited)",
					"@executable_path/Frameworks",
					"@loader_path/Frameworks",
				);
				PRODUCT_BUNDLE_IDENTIFIER = com.andersonoliveira.EverPassTests;
				PRODUCT_NAME = "$(TARGET_NAME)";
				SWIFT_VERSION = 4.0;
				TARGETED_DEVICE_FAMILY = "1,2";
				TEST_HOST = "$(BUILT_PRODUCTS_DIR)/EverPass.app/EverPass";
			};
			name = Debug;
		};
		A081E38320F2269400C4A8F7 /* Release */ = {
			isa = XCBuildConfiguration;
			buildSettings = {
				ALWAYS_EMBED_SWIFT_STANDARD_LIBRARIES = YES;
				BUNDLE_LOADER = "$(TEST_HOST)";
				CODE_SIGN_STYLE = Automatic;
				DEVELOPMENT_TEAM = 3KXGKNH9KW;
				INFOPLIST_FILE = EverPassTests/Info.plist;
				LD_RUNPATH_SEARCH_PATHS = (
					"$(inherited)",
					"@executable_path/Frameworks",
					"@loader_path/Frameworks",
				);
				PRODUCT_BUNDLE_IDENTIFIER = com.andersonoliveira.EverPassTests;
				PRODUCT_NAME = "$(TARGET_NAME)";
				SWIFT_VERSION = 4.0;
				TARGETED_DEVICE_FAMILY = "1,2";
				TEST_HOST = "$(BUILT_PRODUCTS_DIR)/EverPass.app/EverPass";
			};
			name = Release;
		};
		A081E38520F2269400C4A8F7 /* Debug */ = {
			isa = XCBuildConfiguration;
			buildSettings = {
				ALWAYS_EMBED_SWIFT_STANDARD_LIBRARIES = YES;
				CODE_SIGN_STYLE = Automatic;
				DEVELOPMENT_TEAM = 3KXGKNH9KW;
				INFOPLIST_FILE = EverPassUITests/Info.plist;
				LD_RUNPATH_SEARCH_PATHS = (
					"$(inherited)",
					"@executable_path/Frameworks",
					"@loader_path/Frameworks",
				);
				PRODUCT_BUNDLE_IDENTIFIER = com.andersonoliveira.EverPassUITests;
				PRODUCT_NAME = "$(TARGET_NAME)";
				SWIFT_VERSION = 4.0;
				TARGETED_DEVICE_FAMILY = "1,2";
				TEST_TARGET_NAME = EverPass;
			};
			name = Debug;
		};
		A081E38620F2269400C4A8F7 /* Release */ = {
			isa = XCBuildConfiguration;
			buildSettings = {
				ALWAYS_EMBED_SWIFT_STANDARD_LIBRARIES = YES;
				CODE_SIGN_STYLE = Automatic;
				DEVELOPMENT_TEAM = 3KXGKNH9KW;
				INFOPLIST_FILE = EverPassUITests/Info.plist;
				LD_RUNPATH_SEARCH_PATHS = (
					"$(inherited)",
					"@executable_path/Frameworks",
					"@loader_path/Frameworks",
				);
				PRODUCT_BUNDLE_IDENTIFIER = com.andersonoliveira.EverPassUITests;
				PRODUCT_NAME = "$(TARGET_NAME)";
				SWIFT_VERSION = 4.0;
				TARGETED_DEVICE_FAMILY = "1,2";
				TEST_TARGET_NAME = EverPass;
			};
			name = Release;
		};
/* End XCBuildConfiguration section */

/* Begin XCConfigurationList section */
		A081E35120F2269200C4A8F7 /* Build configuration list for PBXProject "EverPass" */ = {
			isa = XCConfigurationList;
			buildConfigurations = (
				A081E37C20F2269400C4A8F7 /* Debug */,
				A081E37D20F2269400C4A8F7 /* Release */,
			);
			defaultConfigurationIsVisible = 0;
			defaultConfigurationName = Release;
		};
		A081E37E20F2269400C4A8F7 /* Build configuration list for PBXNativeTarget "EverPass" */ = {
			isa = XCConfigurationList;
			buildConfigurations = (
				A081E37F20F2269400C4A8F7 /* Debug */,
				A081E38020F2269400C4A8F7 /* Release */,
			);
			defaultConfigurationIsVisible = 0;
			defaultConfigurationName = Release;
		};
		A081E38120F2269400C4A8F7 /* Build configuration list for PBXNativeTarget "EverPassTests" */ = {
			isa = XCConfigurationList;
			buildConfigurations = (
				A081E38220F2269400C4A8F7 /* Debug */,
				A081E38320F2269400C4A8F7 /* Release */,
			);
			defaultConfigurationIsVisible = 0;
			defaultConfigurationName = Release;
		};
		A081E38420F2269400C4A8F7 /* Build configuration list for PBXNativeTarget "EverPassUITests" */ = {
			isa = XCConfigurationList;
			buildConfigurations = (
				A081E38520F2269400C4A8F7 /* Debug */,
				A081E38620F2269400C4A8F7 /* Release */,
			);
			defaultConfigurationIsVisible = 0;
			defaultConfigurationName = Release;
		};
/* End XCConfigurationList section */
	};
	rootObject = A081E34E20F2269200C4A8F7 /* Project object */;
}
